// !$*UTF8*$!
{
	archiveVersion = 1;
	classes = {
	};
	objectVersion = 55;
	objects = {

/* Begin PBXBuildFile section */
		183367FC281D037900309152 /* AppDelegate.swift in Sources */ = {isa = PBXBuildFile; fileRef = 183367FB281D037900309152 /* AppDelegate.swift */; };
		183367FE281D037900309152 /* SceneDelegate.swift in Sources */ = {isa = PBXBuildFile; fileRef = 183367FD281D037900309152 /* SceneDelegate.swift */; };
		18336800281D037900309152 /* ViewController.swift in Sources */ = {isa = PBXBuildFile; fileRef = 183367FF281D037900309152 /* ViewController.swift */; };
		18336803281D037900309152 /* Main.storyboard in Resources */ = {isa = PBXBuildFile; fileRef = 18336801281D037900309152 /* Main.storyboard */; };
		18336806281D037900309152 /* TringConnect.xcdatamodeld in Sources */ = {isa = PBXBuildFile; fileRef = 18336804281D037900309152 /* TringConnect.xcdatamodeld */; };
		18336808281D037C00309152 /* Assets.xcassets in Resources */ = {isa = PBXBuildFile; fileRef = 18336807281D037C00309152 /* Assets.xcassets */; };
		1833680B281D037C00309152 /* LaunchScreen.storyboard in Resources */ = {isa = PBXBuildFile; fileRef = 18336809281D037C00309152 /* LaunchScreen.storyboard */; };
		18336816281D037D00309152 /* TringConnectTests.swift in Sources */ = {isa = PBXBuildFile; fileRef = 18336815281D037D00309152 /* TringConnectTests.swift */; };
		18336820281D037D00309152 /* TringConnectUITests.swift in Sources */ = {isa = PBXBuildFile; fileRef = 1833681F281D037D00309152 /* TringConnectUITests.swift */; };
		18336822281D037D00309152 /* TringConnectUITestsLaunchTests.swift in Sources */ = {isa = PBXBuildFile; fileRef = 18336821281D037D00309152 /* TringConnectUITestsLaunchTests.swift */; };
/* End PBXBuildFile section */

/* Begin PBXContainerItemProxy section */
		18336812281D037D00309152 /* PBXContainerItemProxy */ = {
			isa = PBXContainerItemProxy;
			containerPortal = 183367F0281D037900309152 /* Project object */;
			proxyType = 1;
			remoteGlobalIDString = 183367F7281D037900309152;
			remoteInfo = TringConnect;
		};
		1833681C281D037D00309152 /* PBXContainerItemProxy */ = {
			isa = PBXContainerItemProxy;
			containerPortal = 183367F0281D037900309152 /* Project object */;
			proxyType = 1;
			remoteGlobalIDString = 183367F7281D037900309152;
			remoteInfo = TringConnect;
		};
/* End PBXContainerItemProxy section */

/* Begin PBXFileReference section */
		183367F8281D037900309152 /* TringConnect.app */ = {isa = PBXFileReference; explicitFileType = wrapper.application; includeInIndex = 0; path = TringConnect.app; sourceTree = BUILT_PRODUCTS_DIR; };
		183367FB281D037900309152 /* AppDelegate.swift */ = {isa = PBXFileReference; lastKnownFileType = sourcecode.swift; path = AppDelegate.swift; sourceTree = "<group>"; };
		183367FD281D037900309152 /* SceneDelegate.swift */ = {isa = PBXFileReference; lastKnownFileType = sourcecode.swift; path = SceneDelegate.swift; sourceTree = "<group>"; };
		183367FF281D037900309152 /* ViewController.swift */ = {isa = PBXFileReference; lastKnownFileType = sourcecode.swift; path = ViewController.swift; sourceTree = "<group>"; };
		18336802281D037900309152 /* Base */ = {isa = PBXFileReference; lastKnownFileType = file.storyboard; name = Base; path = Base.lproj/Main.storyboard; sourceTree = "<group>"; };
		18336805281D037900309152 /* TringConnect.xcdatamodel */ = {isa = PBXFileReference; lastKnownFileType = wrapper.xcdatamodel; path = TringConnect.xcdatamodel; sourceTree = "<group>"; };
		18336807281D037C00309152 /* Assets.xcassets */ = {isa = PBXFileReference; lastKnownFileType = folder.assetcatalog; path = Assets.xcassets; sourceTree = "<group>"; };
		1833680A281D037C00309152 /* Base */ = {isa = PBXFileReference; lastKnownFileType = file.storyboard; name = Base; path = Base.lproj/LaunchScreen.storyboard; sourceTree = "<group>"; };
		1833680C281D037C00309152 /* Info.plist */ = {isa = PBXFileReference; lastKnownFileType = text.plist.xml; path = Info.plist; sourceTree = "<group>"; };
		18336811281D037D00309152 /* TringConnectTests.xctest */ = {isa = PBXFileReference; explicitFileType = wrapper.cfbundle; includeInIndex = 0; path = TringConnectTests.xctest; sourceTree = BUILT_PRODUCTS_DIR; };
		18336815281D037D00309152 /* TringConnectTests.swift */ = {isa = PBXFileReference; lastKnownFileType = sourcecode.swift; path = TringConnectTests.swift; sourceTree = "<group>"; };
		1833681B281D037D00309152 /* TringConnectUITests.xctest */ = {isa = PBXFileReference; explicitFileType = wrapper.cfbundle; includeInIndex = 0; path = TringConnectUITests.xctest; sourceTree = BUILT_PRODUCTS_DIR; };
		1833681F281D037D00309152 /* TringConnectUITests.swift */ = {isa = PBXFileReference; lastKnownFileType = sourcecode.swift; path = TringConnectUITests.swift; sourceTree = "<group>"; };
		18336821281D037D00309152 /* TringConnectUITestsLaunchTests.swift */ = {isa = PBXFileReference; lastKnownFileType = sourcecode.swift; path = TringConnectUITestsLaunchTests.swift; sourceTree = "<group>"; };
/* End PBXFileReference section */

/* Begin PBXFrameworksBuildPhase section */
		183367F5281D037900309152 /* Frameworks */ = {
			isa = PBXFrameworksBuildPhase;
			buildActionMask = 2147483647;
			files = (
			);
			runOnlyForDeploymentPostprocessing = 0;
		};
		1833680E281D037D00309152 /* Frameworks */ = {
			isa = PBXFrameworksBuildPhase;
			buildActionMask = 2147483647;
			files = (
			);
			runOnlyForDeploymentPostprocessing = 0;
		};
		18336818281D037D00309152 /* Frameworks */ = {
			isa = PBXFrameworksBuildPhase;
			buildActionMask = 2147483647;
			files = (
			);
			runOnlyForDeploymentPostprocessing = 0;
		};
/* End PBXFrameworksBuildPhase section */

/* Begin PBXGroup section */
		183367EF281D037900309152 = {
			isa = PBXGroup;
			children = (
				183367FA281D037900309152 /* TringConnect */,
				18336814281D037D00309152 /* TringConnectTests */,
				1833681E281D037D00309152 /* TringConnectUITests */,
				183367F9281D037900309152 /* Products */,
			);
			sourceTree = "<group>";
		};
		183367F9281D037900309152 /* Products */ = {
			isa = PBXGroup;
			children = (
				183367F8281D037900309152 /* TringConnect.app */,
				18336811281D037D00309152 /* TringConnectTests.xctest */,
				1833681B281D037D00309152 /* TringConnectUITests.xctest */,
			);
			name = Products;
			sourceTree = "<group>";
		};
		183367FA281D037900309152 /* TringConnect */ = {
			isa = PBXGroup;
			children = (
				183367FB281D037900309152 /* AppDelegate.swift */,
				183367FD281D037900309152 /* SceneDelegate.swift */,
				183367FF281D037900309152 /* ViewController.swift */,
				18336801281D037900309152 /* Main.storyboard */,
				18336807281D037C00309152 /* Assets.xcassets */,
				18336809281D037C00309152 /* LaunchScreen.storyboard */,
				1833680C281D037C00309152 /* Info.plist */,
				18336804281D037900309152 /* TringConnect.xcdatamodeld */,
			);
			path = TringConnect;
			sourceTree = "<group>";
		};
		18336814281D037D00309152 /* TringConnectTests */ = {
			isa = PBXGroup;
			children = (
				18336815281D037D00309152 /* TringConnectTests.swift */,
			);
			path = TringConnectTests;
			sourceTree = "<group>";
		};
		1833681E281D037D00309152 /* TringConnectUITests */ = {
			isa = PBXGroup;
			children = (
				1833681F281D037D00309152 /* TringConnectUITests.swift */,
				18336821281D037D00309152 /* TringConnectUITestsLaunchTests.swift */,
			);
			path = TringConnectUITests;
			sourceTree = "<group>";
		};
/* End PBXGroup section */

/* Begin PBXNativeTarget section */
		183367F7281D037900309152 /* TringConnect */ = {
			isa = PBXNativeTarget;
			buildConfigurationList = 18336825281D037D00309152 /* Build configuration list for PBXNativeTarget "TringConnect" */;
			buildPhases = (
				183367F4281D037900309152 /* Sources */,
				183367F5281D037900309152 /* Frameworks */,
				183367F6281D037900309152 /* Resources */,
			);
			buildRules = (
			);
			dependencies = (
			);
			name = TringConnect;
			productName = TringConnect;
			productReference = 183367F8281D037900309152 /* TringConnect.app */;
			productType = "com.apple.product-type.application";
		};
		18336810281D037D00309152 /* TringConnectTests */ = {
			isa = PBXNativeTarget;
			buildConfigurationList = 18336828281D037D00309152 /* Build configuration list for PBXNativeTarget "TringConnectTests" */;
			buildPhases = (
				1833680D281D037D00309152 /* Sources */,
				1833680E281D037D00309152 /* Frameworks */,
				1833680F281D037D00309152 /* Resources */,
			);
			buildRules = (
			);
			dependencies = (
				18336813281D037D00309152 /* PBXTargetDependency */,
			);
			name = TringConnectTests;
			productName = TringConnectTests;
			productReference = 18336811281D037D00309152 /* TringConnectTests.xctest */;
			productType = "com.apple.product-type.bundle.unit-test";
		};
		1833681A281D037D00309152 /* TringConnectUITests */ = {
			isa = PBXNativeTarget;
			buildConfigurationList = 1833682B281D037D00309152 /* Build configuration list for PBXNativeTarget "TringConnectUITests" */;
			buildPhases = (
				18336817281D037D00309152 /* Sources */,
				18336818281D037D00309152 /* Frameworks */,
				18336819281D037D00309152 /* Resources */,
			);
			buildRules = (
			);
			dependencies = (
				1833681D281D037D00309152 /* PBXTargetDependency */,
			);
			name = TringConnectUITests;
			productName = TringConnectUITests;
			productReference = 1833681B281D037D00309152 /* TringConnectUITests.xctest */;
			productType = "com.apple.product-type.bundle.ui-testing";
		};
/* End PBXNativeTarget section */

/* Begin PBXProject section */
		183367F0281D037900309152 /* Project object */ = {
			isa = PBXProject;
			attributes = {
				BuildIndependentTargetsInParallel = 1;
				LastSwiftUpdateCheck = 1310;
				LastUpgradeCheck = 1310;
				TargetAttributes = {
					183367F7281D037900309152 = {
						CreatedOnToolsVersion = 13.1;
					};
					18336810281D037D00309152 = {
						CreatedOnToolsVersion = 13.1;
						TestTargetID = 183367F7281D037900309152;
					};
					1833681A281D037D00309152 = {
						CreatedOnToolsVersion = 13.1;
						TestTargetID = 183367F7281D037900309152;
					};
				};
			};
			buildConfigurationList = 183367F3281D037900309152 /* Build configuration list for PBXProject "TringConnect" */;
			compatibilityVersion = "Xcode 13.0";
			developmentRegion = en;
			hasScannedForEncodings = 0;
			knownRegions = (
				en,
				Base,
			);
			mainGroup = 183367EF281D037900309152;
			productRefGroup = 183367F9281D037900309152 /* Products */;
			projectDirPath = "";
			projectRoot = "";
			targets = (
				183367F7281D037900309152 /* TringConnect */,
				18336810281D037D00309152 /* TringConnectTests */,
				1833681A281D037D00309152 /* TringConnectUITests */,
			);
		};
/* End PBXProject section */

/* Begin PBXResourcesBuildPhase section */
		183367F6281D037900309152 /* Resources */ = {
			isa = PBXResourcesBuildPhase;
			buildActionMask = 2147483647;
			files = (
				1833680B281D037C00309152 /* LaunchScreen.storyboard in Resources */,
				18336808281D037C00309152 /* Assets.xcassets in Resources */,
				18336803281D037900309152 /* Main.storyboard in Resources */,
			);
			runOnlyForDeploymentPostprocessing = 0;
		};
		1833680F281D037D00309152 /* Resources */ = {
			isa = PBXResourcesBuildPhase;
			buildActionMask = 2147483647;
			files = (
			);
			runOnlyForDeploymentPostprocessing = 0;
		};
		18336819281D037D00309152 /* Resources */ = {
			isa = PBXResourcesBuildPhase;
			buildActionMask = 2147483647;
			files = (
			);
			runOnlyForDeploymentPostprocessing = 0;
		};
/* End PBXResourcesBuildPhase section */

/* Begin PBXSourcesBuildPhase section */
		183367F4281D037900309152 /* Sources */ = {
			isa = PBXSourcesBuildPhase;
			buildActionMask = 2147483647;
			files = (
				18336800281D037900309152 /* ViewController.swift in Sources */,
				183367FC281D037900309152 /* AppDelegate.swift in Sources */,
				183367FE281D037900309152 /* SceneDelegate.swift in Sources */,
				18336806281D037900309152 /* TringConnect.xcdatamodeld in Sources */,
			);
			runOnlyForDeploymentPostprocessing = 0;
		};
		1833680D281D037D00309152 /* Sources */ = {
			isa = PBXSourcesBuildPhase;
			buildActionMask = 2147483647;
			files = (
				18336816281D037D00309152 /* TringConnectTests.swift in Sources */,
			);
			runOnlyForDeploymentPostprocessing = 0;
		};
		18336817281D037D00309152 /* Sources */ = {
			isa = PBXSourcesBuildPhase;
			buildActionMask = 2147483647;
			files = (
				18336822281D037D00309152 /* TringConnectUITestsLaunchTests.swift in Sources */,
				18336820281D037D00309152 /* TringConnectUITests.swift in Sources */,
			);
			runOnlyForDeploymentPostprocessing = 0;
		};
/* End PBXSourcesBuildPhase section */

/* Begin PBXTargetDependency section */
		18336813281D037D00309152 /* PBXTargetDependency */ = {
			isa = PBXTargetDependency;
			target = 183367F7281D037900309152 /* TringConnect */;
			targetProxy = 18336812281D037D00309152 /* PBXContainerItemProxy */;
		};
		1833681D281D037D00309152 /* PBXTargetDependency */ = {
			isa = PBXTargetDependency;
			target = 183367F7281D037900309152 /* TringConnect */;
			targetProxy = 1833681C281D037D00309152 /* PBXContainerItemProxy */;
		};
/* End PBXTargetDependency section */

/* Begin PBXVariantGroup section */
		18336801281D037900309152 /* Main.storyboard */ = {
			isa = PBXVariantGroup;
			children = (
				18336802281D037900309152 /* Base */,
			);
			name = Main.storyboard;
			sourceTree = "<group>";
		};
		18336809281D037C00309152 /* LaunchScreen.storyboard */ = {
			isa = PBXVariantGroup;
			children = (
				1833680A281D037C00309152 /* Base */,
			);
			name = LaunchScreen.storyboard;
			sourceTree = "<group>";
		};
/* End PBXVariantGroup section */

/* Begin XCBuildConfiguration section */
		18336823281D037D00309152 /* Debug */ = {
			isa = XCBuildConfiguration;
			buildSettings = {
				ALWAYS_SEARCH_USER_PATHS = NO;
				CLANG_ANALYZER_NONNULL = YES;
				CLANG_ANALYZER_NUMBER_OBJECT_CONVERSION = YES_AGGRESSIVE;
				CLANG_CXX_LANGUAGE_STANDARD = "gnu++17";
				CLANG_CXX_LIBRARY = "libc++";
				CLANG_ENABLE_MODULES = YES;
				CLANG_ENABLE_OBJC_ARC = YES;
				CLANG_ENABLE_OBJC_WEAK = YES;
				CLANG_WARN_BLOCK_CAPTURE_AUTORELEASING = YES;
				CLANG_WARN_BOOL_CONVERSION = YES;
				CLANG_WARN_COMMA = YES;
				CLANG_WARN_CONSTANT_CONVERSION = YES;
				CLANG_WARN_DEPRECATED_OBJC_IMPLEMENTATIONS = YES;
				CLANG_WARN_DIRECT_OBJC_ISA_USAGE = YES_ERROR;
				CLANG_WARN_DOCUMENTATION_COMMENTS = YES;
				CLANG_WARN_EMPTY_BODY = YES;
				CLANG_WARN_ENUM_CONVERSION = YES;
				CLANG_WARN_INFINITE_RECURSION = YES;
				CLANG_WARN_INT_CONVERSION = YES;
				CLANG_WARN_NON_LITERAL_NULL_CONVERSION = YES;
				CLANG_WARN_OBJC_IMPLICIT_RETAIN_SELF = YES;
				CLANG_WARN_OBJC_LITERAL_CONVERSION = YES;
				CLANG_WARN_OBJC_ROOT_CLASS = YES_ERROR;
				CLANG_WARN_QUOTED_INCLUDE_IN_FRAMEWORK_HEADER = YES;
				CLANG_WARN_RANGE_LOOP_ANALYSIS = YES;
				CLANG_WARN_STRICT_PROTOTYPES = YES;
				CLANG_WARN_SUSPICIOUS_MOVE = YES;
				CLANG_WARN_UNGUARDED_AVAILABILITY = YES_AGGRESSIVE;
				CLANG_WARN_UNREACHABLE_CODE = YES;
				CLANG_WARN__DUPLICATE_METHOD_MATCH = YES;
				COPY_PHASE_STRIP = NO;
				DEBUG_INFORMATION_FORMAT = dwarf;
				ENABLE_STRICT_OBJC_MSGSEND = YES;
				ENABLE_TESTABILITY = YES;
				GCC_C_LANGUAGE_STANDARD = gnu11;
				GCC_DYNAMIC_NO_PIC = NO;
				GCC_NO_COMMON_BLOCKS = YES;
				GCC_OPTIMIZATION_LEVEL = 0;
				GCC_PREPROCESSOR_DEFINITIONS = (
					"DEBUG=1",
					"$(inherited)",
				);
				GCC_WARN_64_TO_32_BIT_CONVERSION = YES;
				GCC_WARN_ABOUT_RETURN_TYPE = YES_ERROR;
				GCC_WARN_UNDECLARED_SELECTOR = YES;
				GCC_WARN_UNINITIALIZED_AUTOS = YES_AGGRESSIVE;
				GCC_WARN_UNUSED_FUNCTION = YES;
				GCC_WARN_UNUSED_VARIABLE = YES;
				IPHONEOS_DEPLOYMENT_TARGET = 15.0;
				MTL_ENABLE_DEBUG_INFO = INCLUDE_SOURCE;
				MTL_FAST_MATH = YES;
				ONLY_ACTIVE_ARCH = YES;
				SDKROOT = iphoneos;
				SWIFT_ACTIVE_COMPILATION_CONDITIONS = DEBUG;
				SWIFT_OPTIMIZATION_LEVEL = "-Onone";
			};
			name = Debug;
		};
		18336824281D037D00309152 /* Release */ = {
			isa = XCBuildConfiguration;
			buildSettings = {
				ALWAYS_SEARCH_USER_PATHS = NO;
				CLANG_ANALYZER_NONNULL = YES;
				CLANG_ANALYZER_NUMBER_OBJECT_CONVERSION = YES_AGGRESSIVE;
				CLANG_CXX_LANGUAGE_STANDARD = "gnu++17";
				CLANG_CXX_LIBRARY = "libc++";
				CLANG_ENABLE_MODULES = YES;
				CLANG_ENABLE_OBJC_ARC = YES;
				CLANG_ENABLE_OBJC_WEAK = YES;
				CLANG_WARN_BLOCK_CAPTURE_AUTORELEASING = YES;
				CLANG_WARN_BOOL_CONVERSION = YES;
				CLANG_WARN_COMMA = YES;
				CLANG_WARN_CONSTANT_CONVERSION = YES;
				CLANG_WARN_DEPRECATED_OBJC_IMPLEMENTATIONS = YES;
				CLANG_WARN_DIRECT_OBJC_ISA_USAGE = YES_ERROR;
				CLANG_WARN_DOCUMENTATION_COMMENTS = YES;
				CLANG_WARN_EMPTY_BODY = YES;
				CLANG_WARN_ENUM_CONVERSION = YES;
				CLANG_WARN_INFINITE_RECURSION = YES;
				CLANG_WARN_INT_CONVERSION = YES;
				CLANG_WARN_NON_LITERAL_NULL_CONVERSION = YES;
				CLANG_WARN_OBJC_IMPLICIT_RETAIN_SELF = YES;
				CLANG_WARN_OBJC_LITERAL_CONVERSION = YES;
				CLANG_WARN_OBJC_ROOT_CLASS = YES_ERROR;
				CLANG_WARN_QUOTED_INCLUDE_IN_FRAMEWORK_HEADER = YES;
				CLANG_WARN_RANGE_LOOP_ANALYSIS = YES;
				CLANG_WARN_STRICT_PROTOTYPES = YES;
				CLANG_WARN_SUSPICIOUS_MOVE = YES;
				CLANG_WARN_UNGUARDED_AVAILABILITY = YES_AGGRESSIVE;
				CLANG_WARN_UNREACHABLE_CODE = YES;
				CLANG_WARN__DUPLICATE_METHOD_MATCH = YES;
				COPY_PHASE_STRIP = NO;
				DEBUG_INFORMATION_FORMAT = "dwarf-with-dsym";
				ENABLE_NS_ASSERTIONS = NO;
				ENABLE_STRICT_OBJC_MSGSEND = YES;
				GCC_C_LANGUAGE_STANDARD = gnu11;
				GCC_NO_COMMON_BLOCKS = YES;
				GCC_WARN_64_TO_32_BIT_CONVERSION = YES;
				GCC_WARN_ABOUT_RETURN_TYPE = YES_ERROR;
				GCC_WARN_UNDECLARED_SELECTOR = YES;
				GCC_WARN_UNINITIALIZED_AUTOS = YES_AGGRESSIVE;
				GCC_WARN_UNUSED_FUNCTION = YES;
				GCC_WARN_UNUSED_VARIABLE = YES;
				IPHONEOS_DEPLOYMENT_TARGET = 15.0;
				MTL_ENABLE_DEBUG_INFO = NO;
				MTL_FAST_MATH = YES;
				SDKROOT = iphoneos;
				SWIFT_COMPILATION_MODE = wholemodule;
				SWIFT_OPTIMIZATION_LEVEL = "-O";
				VALIDATE_PRODUCT = YES;
			};
			name = Release;
		};
		18336826281D037D00309152 /* Debug */ = {
			isa = XCBuildConfiguration;
			buildSettings = {
				ASSETCATALOG_COMPILER_APPICON_NAME = AppIcon;
				ASSETCATALOG_COMPILER_GLOBAL_ACCENT_COLOR_NAME = AccentColor;
				CODE_SIGN_STYLE = Automatic;
				CURRENT_PROJECT_VERSION = 1;
				DEVELOPMENT_TEAM = 7CZPS8QT24;
				GENERATE_INFOPLIST_FILE = YES;
				INFOPLIST_FILE = TringConnect/Info.plist;
				INFOPLIST_KEY_UIApplicationSupportsIndirectInputEvents = YES;
				INFOPLIST_KEY_UILaunchStoryboardName = LaunchScreen;
				INFOPLIST_KEY_UIMainStoryboardFile = Main;
				INFOPLIST_KEY_UISupportedInterfaceOrientations_iPad = "UIInterfaceOrientationPortrait UIInterfaceOrientationPortraitUpsideDown UIInterfaceOrientationLandscapeLeft UIInterfaceOrientationLandscapeRight";
				INFOPLIST_KEY_UISupportedInterfaceOrientations_iPhone = "UIInterfaceOrientationPortrait UIInterfaceOrientationLandscapeLeft UIInterfaceOrientationLandscapeRight";
				LD_RUNPATH_SEARCH_PATHS = (
					"$(inherited)",
					"@executable_path/Frameworks",
				);
				MARKETING_VERSION = 1.0;
				PRODUCT_BUNDLE_IDENTIFIER = com.tringapps.TringConnect;
				PRODUCT_NAME = "$(TARGET_NAME)";
				SWIFT_EMIT_LOC_STRINGS = YES;
				SWIFT_VERSION = 5.0;
				TARGETED_DEVICE_FAMILY = "1,2";
			};
			name = Debug;
		};
		18336827281D037D00309152 /* Release */ = {
			isa = XCBuildConfiguration;
			buildSettings = {
				ASSETCATALOG_COMPILER_APPICON_NAME = AppIcon;
				ASSETCATALOG_COMPILER_GLOBAL_ACCENT_COLOR_NAME = AccentColor;
				CODE_SIGN_STYLE = Automatic;
				CURRENT_PROJECT_VERSION = 1;
				DEVELOPMENT_TEAM = 7CZPS8QT24;
				GENERATE_INFOPLIST_FILE = YES;
				INFOPLIST_FILE = TringConnect/Info.plist;
				INFOPLIST_KEY_UIApplicationSupportsIndirectInputEvents = YES;
				INFOPLIST_KEY_UILaunchStoryboardName = LaunchScreen;
				INFOPLIST_KEY_UIMainStoryboardFile = Main;
				INFOPLIST_KEY_UISupportedInterfaceOrientations_iPad = "UIInterfaceOrientationPortrait UIInterfaceOrientationPortraitUpsideDown UIInterfaceOrientationLandscapeLeft UIInterfaceOrientationLandscapeRight";
				INFOPLIST_KEY_UISupportedInterfaceOrientations_iPhone = "UIInterfaceOrientationPortrait UIInterfaceOrientationLandscapeLeft UIInterfaceOrientationLandscapeRight";
				LD_RUNPATH_SEARCH_PATHS = (
					"$(inherited)",
					"@executable_path/Frameworks",
				);
				MARKETING_VERSION = 1.0;
				PRODUCT_BUNDLE_IDENTIFIER = com.tringapps.TringConnect;
				PRODUCT_NAME = "$(TARGET_NAME)";
				SWIFT_EMIT_LOC_STRINGS = YES;
				SWIFT_VERSION = 5.0;
				TARGETED_DEVICE_FAMILY = "1,2";
			};
			name = Release;
		};
		18336829281D037D00309152 /* Debug */ = {
			isa = XCBuildConfiguration;
			buildSettings = {
				ALWAYS_EMBED_SWIFT_STANDARD_LIBRARIES = YES;
				BUNDLE_LOADER = "$(TEST_HOST)";
				CODE_SIGN_STYLE = Automatic;
				CURRENT_PROJECT_VERSION = 1;
				DEVELOPMENT_TEAM = 7CZPS8QT24;
				GENERATE_INFOPLIST_FILE = YES;
				IPHONEOS_DEPLOYMENT_TARGET = 15.0;
				LD_RUNPATH_SEARCH_PATHS = (
					"$(inherited)",
					"@executable_path/Frameworks",
					"@loader_path/Frameworks",
				);
				MARKETING_VERSION = 1.0;
				PRODUCT_BUNDLE_IDENTIFIER = com.tringapps.TringConnectTests;
				PRODUCT_NAME = "$(TARGET_NAME)";
				SWIFT_EMIT_LOC_STRINGS = NO;
				SWIFT_VERSION = 5.0;
				TARGETED_DEVICE_FAMILY = "1,2";
				TEST_HOST = "$(BUILT_PRODUCTS_DIR)/TringConnect.app/TringConnect";
			};
			name = Debug;
		};
		1833682A281D037D00309152 /* Release */ = {
			isa = XCBuildConfiguration;
			buildSettings = {
				ALWAYS_EMBED_SWIFT_STANDARD_LIBRARIES = YES;
				BUNDLE_LOADER = "$(TEST_HOST)";
				CODE_SIGN_STYLE = Automatic;
				CURRENT_PROJECT_VERSION = 1;
				DEVELOPMENT_TEAM = 7CZPS8QT24;
				GENERATE_INFOPLIST_FILE = YES;
				IPHONEOS_DEPLOYMENT_TARGET = 15.0;
				LD_RUNPATH_SEARCH_PATHS = (
					"$(inherited)",
					"@executable_path/Frameworks",
					"@loader_path/Frameworks",
				);
				MARKETING_VERSION = 1.0;
				PRODUCT_BUNDLE_IDENTIFIER = com.tringapps.TringConnectTests;
				PRODUCT_NAME = "$(TARGET_NAME)";
				SWIFT_EMIT_LOC_STRINGS = NO;
				SWIFT_VERSION = 5.0;
				TARGETED_DEVICE_FAMILY = "1,2";
				TEST_HOST = "$(BUILT_PRODUCTS_DIR)/TringConnect.app/TringConnect";
			};
			name = Release;
		};
		1833682C281D037D00309152 /* Debug */ = {
			isa = XCBuildConfiguration;
			buildSettings = {
				ALWAYS_EMBED_SWIFT_STANDARD_LIBRARIES = YES;
				CODE_SIGN_STYLE = Automatic;
				CURRENT_PROJECT_VERSION = 1;
				DEVELOPMENT_TEAM = 7CZPS8QT24;
				GENERATE_INFOPLIST_FILE = YES;
				LD_RUNPATH_SEARCH_PATHS = (
					"$(inherited)",
					"@executable_path/Frameworks",
					"@loader_path/Frameworks",
				);
				MARKETING_VERSION = 1.0;
				PRODUCT_BUNDLE_IDENTIFIER = com.tringapps.TringConnectUITests;
				PRODUCT_NAME = "$(TARGET_NAME)";
				SWIFT_EMIT_LOC_STRINGS = NO;
				SWIFT_VERSION = 5.0;
				TARGETED_DEVICE_FAMILY = "1,2";
				TEST_TARGET_NAME = TringConnect;
			};
			name = Debug;
		};
		1833682D281D037D00309152 /* Release */ = {
			isa = XCBuildConfiguration;
			buildSettings = {
				ALWAYS_EMBED_SWIFT_STANDARD_LIBRARIES = YES;
				CODE_SIGN_STYLE = Automatic;
				CURRENT_PROJECT_VERSION = 1;
				DEVELOPMENT_TEAM = 7CZPS8QT24;
				GENERATE_INFOPLIST_FILE = YES;
				LD_RUNPATH_SEARCH_PATHS = (
					"$(inherited)",
					"@executable_path/Frameworks",
					"@loader_path/Frameworks",
				);
				MARKETING_VERSION = 1.0;
				PRODUCT_BUNDLE_IDENTIFIER = com.tringapps.TringConnectUITests;
				PRODUCT_NAME = "$(TARGET_NAME)";
				SWIFT_EMIT_LOC_STRINGS = NO;
				SWIFT_VERSION = 5.0;
				TARGETED_DEVICE_FAMILY = "1,2";
				TEST_TARGET_NAME = TringConnect;
			};
			name = Release;
		};
/* End XCBuildConfiguration section */

/* Begin XCConfigurationList section */
		183367F3281D037900309152 /* Build configuration list for PBXProject "TringConnect" */ = {
			isa = XCConfigurationList;
			buildConfigurations = (
				18336823281D037D00309152 /* Debug */,
				18336824281D037D00309152 /* Release */,
			);
			defaultConfigurationIsVisible = 0;
			defaultConfigurationName = Release;
		};
		18336825281D037D00309152 /* Build configuration list for PBXNativeTarget "TringConnect" */ = {
			isa = XCConfigurationList;
			buildConfigurations = (
				18336826281D037D00309152 /* Debug */,
				18336827281D037D00309152 /* Release */,
			);
			defaultConfigurationIsVisible = 0;
			defaultConfigurationName = Release;
		};
		18336828281D037D00309152 /* Build configuration list for PBXNativeTarget "TringConnectTests" */ = {
			isa = XCConfigurationList;
			buildConfigurations = (
				18336829281D037D00309152 /* Debug */,
				1833682A281D037D00309152 /* Release */,
			);
			defaultConfigurationIsVisible = 0;
			defaultConfigurationName = Release;
		};
		1833682B281D037D00309152 /* Build configuration list for PBXNativeTarget "TringConnectUITests" */ = {
			isa = XCConfigurationList;
			buildConfigurations = (
				1833682C281D037D00309152 /* Debug */,
				1833682D281D037D00309152 /* Release */,
			);
			defaultConfigurationIsVisible = 0;
			defaultConfigurationName = Release;
		};
/* End XCConfigurationList section */

/* Begin XCVersionGroup section */
		18336804281D037900309152 /* TringConnect.xcdatamodeld */ = {
			isa = XCVersionGroup;
			children = (
				18336805281D037900309152 /* TringConnect.xcdatamodel */,
			);
			currentVersion = 18336805281D037900309152 /* TringConnect.xcdatamodel */;
			path = TringConnect.xcdatamodeld;
			sourceTree = "<group>";
			versionGroupType = wrapper.xcdatamodel;
		};
/* End XCVersionGroup section */
	};
	rootObject = 183367F0281D037900309152 /* Project object */;
}
